{
  "requires": true,
  "lockfileVersion": 1,
  "dependencies": {
    "crc": {
      "version": "3.5.0",
      "resolved": "https://registry.npmjs.org/crc/-/crc-3.5.0.tgz",
      "integrity": "sha1-mLi6fUiWZbo5efWbITgTdBAaGWQ="
    },
    "crypto-js": {
      "version": "3.1.9-1",
      "resolved": "https://registry.npmjs.org/crypto-js/-/crypto-js-3.1.9-1.tgz",
      "integrity": "sha1-/aGedh/Ad+Af+/3G6f38WeiAbNg="
    },
    "hashcode": {
      "version": "1.0.3",
      "resolved": "https://registry.npmjs.org/hashcode/-/hashcode-1.0.3.tgz",
      "integrity": "sha1-2EdOnmdlgEjMx+VIQLVmIgL0g38="
    },
    "hashmap": {
      "version": "2.3.0",
      "resolved": "https://registry.npmjs.org/hashmap/-/hashmap-2.3.0.tgz",
      "integrity": "sha1-sT+2XafIul49uPwbjFuh0ASdryI="
    }
  }
}
